
Microsoft Visual Studio Solution File, Format Version 12.00
# Visual Studio 15
VisualStudioVersion = 15.0.27703.2000
MinimumVisualStudioVersion = 10.0.40219.1
Project("{9A19103F-16F7-4668-BE54-9A1E7A4F7556}") = "SJKP.Azure.WebJobs.Extensions.AzureFiles", "SJKP.Azure.WebJobs.Extensions.AzureFiles\SJKP.Azure.WebJobs.Extensions.AzureFiles.csproj", "{7E1C5974-54D2-480F-BD5F-9E46B636C7BC}"
EndProject
Project("{9A19103F-16F7-4668-BE54-9A1E7A4F7556}") = "SJKP.AzureFunctions.Test", "SJKP.AzureFunctions.Test\SJKP.AzureFunctions.Test.csproj", "{867D32DA-B30D-45C6-8529-F65B82B80E98}"
EndProject
Global
	GlobalSection(SolutionConfigurationPlatforms) = preSolution
		Debug|Any CPU = Debug|Any CPU
		Release|Any CPU = Release|Any CPU
	EndGlobalSection
	GlobalSection(ProjectConfigurationPlatforms) = postSolution
		{7E1C5974-54D2-480F-BD5F-9E46B636C7BC}.Debug|Any CPU.ActiveCfg = Debug|Any CPU
		{7E1C5974-54D2-480F-BD5F-9E46B636C7BC}.Debug|Any CPU.Build.0 = Debug|Any CPU
		{7E1C5974-54D2-480F-BD5F-9E46B636C7BC}.Release|Any CPU.ActiveCfg = Release|Any CPU
		{7E1C5974-54D2-480F-BD5F-9E46B636C7BC}.Release|Any CPU.Build.0 = Release|Any CPU
		{867D32DA-B30D-45C6-8529-F65B82B80E98}.Debug|Any CPU.ActiveCfg = Debug|Any CPU
		{867D32DA-B30D-45C6-8529-F65B82B80E98}.Debug|Any CPU.Build.0 = Debug|Any CPU
		{867D32DA-B30D-45C6-8529-F65B82B80E98}.Release|Any CPU.ActiveCfg = Release|Any CPU
		{867D32DA-B30D-45C6-8529-F65B82B80E98}.Release|Any CPU.Build.0 = Release|Any CPU
	EndGlobalSection
	GlobalSection(SolutionProperties) = preSolution
		HideSolutionNode = FALSE
	EndGlobalSection
	GlobalSection(ExtensibilityGlobals) = postSolution
		SolutionGuid = {AADA3DC5-F701-4228-983C-50809131906F}
	EndGlobalSection
EndGlobal
